
Microsoft Visual Studio Solution File, Format Version 12.00
# Visual Studio 15
VisualStudioVersion = 15.0.27130.2026
MinimumVisualStudioVersion = 10.0.40219.1
Project("{54435603-DBB4-11D2-8724-00A0C9A8B90C}") = "Setup", "Setup\Setup.vdproj", "{BFDEDA8E-2640-4E2A-BC0C-875D9662FAA6}"
EndProject
Project("{FAE04EC0-301F-11D3-BF4B-00C04F79EFBC}") = "CardEngine", "CardEngine\CardEngine.csproj", "{084944A7-17A9-4C08-B060-3182A98C275B}"
EndProject
Project("{FAE04EC0-301F-11D3-BF4B-00C04F79EFBC}") = "ESPFClient", "ClientRuntime\ESPFClient.csproj", "{C64FA627-A621-4C78-A75A-8349F64FD2F2}"
EndProject
Project("{FAE04EC0-301F-11D3-BF4B-00C04F79EFBC}") = "NUnitTest", "NUnitTest\NUnitTest.csproj", "{6AED92D4-7D82-4E03-B407-DEABB5C803DC}"
EndProject
Project("{FAE04EC0-301F-11D3-BF4B-00C04F79EFBC}") = "PrintApp", "PrintApp\PrintApp.csproj", "{F5701F67-8920-45EA-B8A1-F732ACF0552E}"
EndProject
Project("{FAE04EC0-301F-11D3-BF4B-00C04F79EFBC}") = "RESTClient", "RESTClient\RESTClient.csproj", "{8D52A4A4-0AC5-4A3F-BD5B-BE0CEB607DA3}"
EndProject
Project("{FAE04EC0-301F-11D3-BF4B-00C04F79EFBC}") = "CommonLib", "ImageLib\CommonLib.csproj", "{EECF5DA6-531B-4E61-966F-411ECDE86BF0}"
EndProject
Project("{FAE04EC0-301F-11D3-BF4B-00C04F79EFBC}") = "SeaoryClient", "SeaoryClient\SeaoryClient.csproj", "{35A6733C-3AA3-4CFC-BF6A-B09840F7E392}"
EndProject
Global
	GlobalSection(SolutionConfigurationPlatforms) = preSolution
		Debug|Any CPU = Debug|Any CPU
		Release|Any CPU = Release|Any CPU
	EndGlobalSection
	GlobalSection(ProjectConfigurationPlatforms) = postSolution
		{BFDEDA8E-2640-4E2A-BC0C-875D9662FAA6}.Debug|Any CPU.ActiveCfg = Debug
		{BFDEDA8E-2640-4E2A-BC0C-875D9662FAA6}.Release|Any CPU.ActiveCfg = Release
		{084944A7-17A9-4C08-B060-3182A98C275B}.Debug|Any CPU.ActiveCfg = Debug|Any CPU
		{084944A7-17A9-4C08-B060-3182A98C275B}.Debug|Any CPU.Build.0 = Debug|Any CPU
		{084944A7-17A9-4C08-B060-3182A98C275B}.Release|Any CPU.ActiveCfg = Release|Any CPU
		{084944A7-17A9-4C08-B060-3182A98C275B}.Release|Any CPU.Build.0 = Release|Any CPU
		{C64FA627-A621-4C78-A75A-8349F64FD2F2}.Debug|Any CPU.ActiveCfg = Debug|Any CPU
		{C64FA627-A621-4C78-A75A-8349F64FD2F2}.Debug|Any CPU.Build.0 = Debug|Any CPU
		{C64FA627-A621-4C78-A75A-8349F64FD2F2}.Release|Any CPU.ActiveCfg = Release|Any CPU
		{C64FA627-A621-4C78-A75A-8349F64FD2F2}.Release|Any CPU.Build.0 = Release|Any CPU
		{6AED92D4-7D82-4E03-B407-DEABB5C803DC}.Debug|Any CPU.ActiveCfg = Debug|Any CPU
		{6AED92D4-7D82-4E03-B407-DEABB5C803DC}.Debug|Any CPU.Build.0 = Debug|Any CPU
		{6AED92D4-7D82-4E03-B407-DEABB5C803DC}.Release|Any CPU.ActiveCfg = Release|Any CPU
		{6AED92D4-7D82-4E03-B407-DEABB5C803DC}.Release|Any CPU.Build.0 = Release|Any CPU
		{F5701F67-8920-45EA-B8A1-F732ACF0552E}.Debug|Any CPU.ActiveCfg = Debug|Any CPU
		{F5701F67-8920-45EA-B8A1-F732ACF0552E}.Debug|Any CPU.Build.0 = Debug|Any CPU
		{F5701F67-8920-45EA-B8A1-F732ACF0552E}.Release|Any CPU.ActiveCfg = Release|Any CPU
		{F5701F67-8920-45EA-B8A1-F732ACF0552E}.Release|Any CPU.Build.0 = Release|Any CPU
		{8D52A4A4-0AC5-4A3F-BD5B-BE0CEB607DA3}.Debug|Any CPU.ActiveCfg = Debug|Any CPU
		{8D52A4A4-0AC5-4A3F-BD5B-BE0CEB607DA3}.Debug|Any CPU.Build.0 = Debug|Any CPU
		{8D52A4A4-0AC5-4A3F-BD5B-BE0CEB607DA3}.Release|Any CPU.ActiveCfg = Release|Any CPU
		{8D52A4A4-0AC5-4A3F-BD5B-BE0CEB607DA3}.Release|Any CPU.Build.0 = Release|Any CPU
		{EECF5DA6-531B-4E61-966F-411ECDE86BF0}.Debug|Any CPU.ActiveCfg = Debug|Any CPU
		{EECF5DA6-531B-4E61-966F-411ECDE86BF0}.Debug|Any CPU.Build.0 = Debug|Any CPU
		{EECF5DA6-531B-4E61-966F-411ECDE86BF0}.Release|Any CPU.ActiveCfg = Release|Any CPU
		{EECF5DA6-531B-4E61-966F-411ECDE86BF0}.Release|Any CPU.Build.0 = Release|Any CPU
		{35A6733C-3AA3-4CFC-BF6A-B09840F7E392}.Debug|Any CPU.ActiveCfg = Debug|Any CPU
		{35A6733C-3AA3-4CFC-BF6A-B09840F7E392}.Debug|Any CPU.Build.0 = Debug|Any CPU
		{35A6733C-3AA3-4CFC-BF6A-B09840F7E392}.Release|Any CPU.ActiveCfg = Release|Any CPU
		{35A6733C-3AA3-4CFC-BF6A-B09840F7E392}.Release|Any CPU.Build.0 = Release|Any CPU
	EndGlobalSection
	GlobalSection(SolutionProperties) = preSolution
		HideSolutionNode = FALSE
	EndGlobalSection
	GlobalSection(ExtensibilityGlobals) = postSolution
		SolutionGuid = {A7DE60DE-F94E-4F03-9D92-F576BABF4F17}
	EndGlobalSection
EndGlobal
